// !$*UTF8*$!
{
	archiveVersion = 1;
	classes = {
	};
	objectVersion = 50;
	objects = {

/* Begin PBXBuildFile section */
		DB3A2BF425B3F3840013A1A1 /* ProfileHost.swift in Sources */ = {isa = PBXBuildFile; fileRef = DB3A2BF325B3F3840013A1A1 /* ProfileHost.swift */; };
		DB3A2BFC25B3F9F20013A1A1 /* ProfileSummary.swift in Sources */ = {isa = PBXBuildFile; fileRef = DB3A2BFB25B3F9F10013A1A1 /* ProfileSummary.swift */; };
		DB3A2C0125B3FAD20013A1A1 /* HikeBadge.swift in Sources */ = {isa = PBXBuildFile; fileRef = DB3A2C0025B3FAD20013A1A1 /* HikeBadge.swift */; };
		DB3A2C0625B4037F0013A1A1 /* ProfileEditor.swift in Sources */ = {isa = PBXBuildFile; fileRef = DB3A2C0525B4037F0013A1A1 /* ProfileEditor.swift */; };
		DB3A2C0C25B426960013A1A1 /* PageViewController.swift in Sources */ = {isa = PBXBuildFile; fileRef = DB3A2C0B25B426960013A1A1 /* PageViewController.swift */; };
		DB3A2C1425B433E30013A1A1 /* FeatureCard.swift in Sources */ = {isa = PBXBuildFile; fileRef = DB3A2C1325B433E30013A1A1 /* FeatureCard.swift */; };
		DB3A2C1925B4360B0013A1A1 /* PageView.swift in Sources */ = {isa = PBXBuildFile; fileRef = DB3A2C1825B4360B0013A1A1 /* PageView.swift */; };
		DB3A2C1E25B586B00013A1A1 /* PageControl.swift in Sources */ = {isa = PBXBuildFile; fileRef = DB3A2C1D25B586B00013A1A1 /* PageControl.swift */; };
		DB41D51A25AD8A700053935A /* LandmarksApp.swift in Sources */ = {isa = PBXBuildFile; fileRef = DB41D51925AD8A700053935A /* LandmarksApp.swift */; };
		DB41D51C25AD8A700053935A /* ContentView.swift in Sources */ = {isa = PBXBuildFile; fileRef = DB41D51B25AD8A700053935A /* ContentView.swift */; };
		DB41D51E25AD8A760053935A /* Assets.xcassets in Resources */ = {isa = PBXBuildFile; fileRef = DB41D51D25AD8A760053935A /* Assets.xcassets */; };
		DB41D52125AD8A760053935A /* Preview Assets.xcassets in Resources */ = {isa = PBXBuildFile; fileRef = DB41D52025AD8A760053935A /* Preview Assets.xcassets */; };
		DB41D52C25AD8A770053935A /* LandmarksTests.swift in Sources */ = {isa = PBXBuildFile; fileRef = DB41D52B25AD8A770053935A /* LandmarksTests.swift */; };
		DB41D53725AD8A770053935A /* LandmarksUITests.swift in Sources */ = {isa = PBXBuildFile; fileRef = DB41D53625AD8A770053935A /* LandmarksUITests.swift */; };
		DB41D54825AD9B1C0053935A /* CircleImage.swift in Sources */ = {isa = PBXBuildFile; fileRef = DB41D54725AD9B1C0053935A /* CircleImage.swift */; };
		DB41D54D25AD9D900053935A /* MapView.swift in Sources */ = {isa = PBXBuildFile; fileRef = DB41D54C25AD9D900053935A /* MapView.swift */; };
		DB41D55525ADA67D0053935A /* landmarkData.json in Resources */ = {isa = PBXBuildFile; fileRef = DB41D55425ADA67D0053935A /* landmarkData.json */; };
		DB41D55A25ADA6C40053935A /* Landmark.swift in Sources */ = {isa = PBXBuildFile; fileRef = DB41D55925ADA6C40053935A /* Landmark.swift */; };
		DB41D56225ADAA1C0053935A /* ModelData.swift in Sources */ = {isa = PBXBuildFile; fileRef = DB41D56125ADAA1C0053935A /* ModelData.swift */; };
		DB41D56D25ADFCA00053935A /* LandmarkRow.swift in Sources */ = {isa = PBXBuildFile; fileRef = DB41D56C25ADFCA00053935A /* LandmarkRow.swift */; };
		DB41D57525AEF2750053935A /* LandmarkList.swift in Sources */ = {isa = PBXBuildFile; fileRef = DB41D57425AEF2750053935A /* LandmarkList.swift */; };
		DB41D57D25AEF99B0053935A /* LandmarkDetail.swift in Sources */ = {isa = PBXBuildFile; fileRef = DB41D57C25AEF99B0053935A /* LandmarkDetail.swift */; };
		DB96A37825B1EE8500EE0A9F /* FavoriteButton.swift in Sources */ = {isa = PBXBuildFile; fileRef = DB96A37725B1EE8500EE0A9F /* FavoriteButton.swift */; };
		DB96A38225B26D7200EE0A9F /* HexagonParameters.swift in Sources */ = {isa = PBXBuildFile; fileRef = DB96A38125B26D7200EE0A9F /* HexagonParameters.swift */; };
		DB96A38725B275B000EE0A9F /* BadgeBackground.swift in Sources */ = {isa = PBXBuildFile; fileRef = DB96A38625B275B000EE0A9F /* BadgeBackground.swift */; };
		DB96A38C25B282C300EE0A9F /* BadgeSymbol.swift in Sources */ = {isa = PBXBuildFile; fileRef = DB96A38B25B282C300EE0A9F /* BadgeSymbol.swift */; };
		DB96A39125B2BF0300EE0A9F /* RotatedBadgeSymbol.swift in Sources */ = {isa = PBXBuildFile; fileRef = DB96A39025B2BF0300EE0A9F /* RotatedBadgeSymbol.swift */; };
		DB96A39625B2C42500EE0A9F /* Badge.swift in Sources */ = {isa = PBXBuildFile; fileRef = DB96A39525B2C42500EE0A9F /* Badge.swift */; };
		DB96A39C25B2E73100EE0A9F /* hikeData.json in Resources */ = {isa = PBXBuildFile; fileRef = DB96A39B25B2E73000EE0A9F /* hikeData.json */; };
		DB96A3A125B2E75500EE0A9F /* Hike.swift in Sources */ = {isa = PBXBuildFile; fileRef = DB96A3A025B2E75500EE0A9F /* Hike.swift */; };
		DB96A3B225B2E7F000EE0A9F /* GraphCapsule.swift in Sources */ = {isa = PBXBuildFile; fileRef = DB96A3AE25B2E7F000EE0A9F /* GraphCapsule.swift */; };
		DB96A3B325B2E7F000EE0A9F /* HikeGraph.swift in Sources */ = {isa = PBXBuildFile; fileRef = DB96A3AF25B2E7F000EE0A9F /* HikeGraph.swift */; };
		DB96A3B425B2E7F000EE0A9F /* HikeDetail.swift in Sources */ = {isa = PBXBuildFile; fileRef = DB96A3B025B2E7F000EE0A9F /* HikeDetail.swift */; };
		DB96A3B525B2E7F000EE0A9F /* HikeView.swift in Sources */ = {isa = PBXBuildFile; fileRef = DB96A3B125B2E7F000EE0A9F /* HikeView.swift */; };
		DB96A3BE25B30BC900EE0A9F /* CategoryHome.swift in Sources */ = {isa = PBXBuildFile; fileRef = DB96A3BD25B30BC900EE0A9F /* CategoryHome.swift */; };
		DB96A3C625B30CF500EE0A9F /* CategoryRow.swift in Sources */ = {isa = PBXBuildFile; fileRef = DB96A3C525B30CF500EE0A9F /* CategoryRow.swift */; };
		DB96A3CB25B30DD500EE0A9F /* CategoryItem.swift in Sources */ = {isa = PBXBuildFile; fileRef = DB96A3CA25B30DD500EE0A9F /* CategoryItem.swift */; };
		DB96A3D025B3E25500EE0A9F /* Profile.swift in Sources */ = {isa = PBXBuildFile; fileRef = DB96A3CF25B3E25500EE0A9F /* Profile.swift */; };
/* End PBXBuildFile section */

/* Begin PBXContainerItemProxy section */
		DB41D52825AD8A770053935A /* PBXContainerItemProxy */ = {
			isa = PBXContainerItemProxy;
			containerPortal = DB41D50E25AD8A700053935A /* Project object */;
			proxyType = 1;
			remoteGlobalIDString = DB41D51525AD8A700053935A;
			remoteInfo = SwiftUITutorial;
		};
		DB41D53325AD8A770053935A /* PBXContainerItemProxy */ = {
			isa = PBXContainerItemProxy;
			containerPortal = DB41D50E25AD8A700053935A /* Project object */;
			proxyType = 1;
			remoteGlobalIDString = DB41D51525AD8A700053935A;
			remoteInfo = SwiftUITutorial;
		};
/* End PBXContainerItemProxy section */

/* Begin PBXFileReference section */
		DB3A2BF325B3F3840013A1A1 /* ProfileHost.swift */ = {isa = PBXFileReference; lastKnownFileType = sourcecode.swift; path = ProfileHost.swift; sourceTree = "<group>"; };
		DB3A2BFB25B3F9F10013A1A1 /* ProfileSummary.swift */ = {isa = PBXFileReference; lastKnownFileType = sourcecode.swift; path = ProfileSummary.swift; sourceTree = "<group>"; };
		DB3A2C0025B3FAD20013A1A1 /* HikeBadge.swift */ = {isa = PBXFileReference; lastKnownFileType = sourcecode.swift; path = HikeBadge.swift; sourceTree = "<group>"; };
		DB3A2C0525B4037F0013A1A1 /* ProfileEditor.swift */ = {isa = PBXFileReference; lastKnownFileType = sourcecode.swift; path = ProfileEditor.swift; sourceTree = "<group>"; };
		DB3A2C0B25B426960013A1A1 /* PageViewController.swift */ = {isa = PBXFileReference; lastKnownFileType = sourcecode.swift; path = PageViewController.swift; sourceTree = "<group>"; };
		DB3A2C1325B433E30013A1A1 /* FeatureCard.swift */ = {isa = PBXFileReference; lastKnownFileType = sourcecode.swift; path = FeatureCard.swift; sourceTree = "<group>"; };
		DB3A2C1825B4360B0013A1A1 /* PageView.swift */ = {isa = PBXFileReference; lastKnownFileType = sourcecode.swift; path = PageView.swift; sourceTree = "<group>"; };
		DB3A2C1D25B586B00013A1A1 /* PageControl.swift */ = {isa = PBXFileReference; lastKnownFileType = sourcecode.swift; path = PageControl.swift; sourceTree = "<group>"; };
		DB41D51625AD8A700053935A /* Landmarks.app */ = {isa = PBXFileReference; explicitFileType = wrapper.application; includeInIndex = 0; path = Landmarks.app; sourceTree = BUILT_PRODUCTS_DIR; };
		DB41D51925AD8A700053935A /* LandmarksApp.swift */ = {isa = PBXFileReference; lastKnownFileType = sourcecode.swift; path = LandmarksApp.swift; sourceTree = "<group>"; };
		DB41D51B25AD8A700053935A /* ContentView.swift */ = {isa = PBXFileReference; lastKnownFileType = sourcecode.swift; path = ContentView.swift; sourceTree = "<group>"; };
		DB41D51D25AD8A760053935A /* Assets.xcassets */ = {isa = PBXFileReference; lastKnownFileType = folder.assetcatalog; path = Assets.xcassets; sourceTree = "<group>"; };
		DB41D52025AD8A760053935A /* Preview Assets.xcassets */ = {isa = PBXFileReference; lastKnownFileType = folder.assetcatalog; path = "Preview Assets.xcassets"; sourceTree = "<group>"; };
		DB41D52225AD8A760053935A /* Info.plist */ = {isa = PBXFileReference; lastKnownFileType = text.plist.xml; path = Info.plist; sourceTree = "<group>"; };
		DB41D52725AD8A770053935A /* LandmarksTests.xctest */ = {isa = PBXFileReference; explicitFileType = wrapper.cfbundle; includeInIndex = 0; path = LandmarksTests.xctest; sourceTree = BUILT_PRODUCTS_DIR; };
		DB41D52B25AD8A770053935A /* LandmarksTests.swift */ = {isa = PBXFileReference; lastKnownFileType = sourcecode.swift; path = LandmarksTests.swift; sourceTree = "<group>"; };
		DB41D52D25AD8A770053935A /* Info.plist */ = {isa = PBXFileReference; lastKnownFileType = text.plist.xml; path = Info.plist; sourceTree = "<group>"; };
		DB41D53225AD8A770053935A /* LandmarksUITests.xctest */ = {isa = PBXFileReference; explicitFileType = wrapper.cfbundle; includeInIndex = 0; path = LandmarksUITests.xctest; sourceTree = BUILT_PRODUCTS_DIR; };
		DB41D53625AD8A770053935A /* LandmarksUITests.swift */ = {isa = PBXFileReference; lastKnownFileType = sourcecode.swift; path = LandmarksUITests.swift; sourceTree = "<group>"; };
		DB41D53825AD8A770053935A /* Info.plist */ = {isa = PBXFileReference; lastKnownFileType = text.plist.xml; path = Info.plist; sourceTree = "<group>"; };
		DB41D54725AD9B1C0053935A /* CircleImage.swift */ = {isa = PBXFileReference; lastKnownFileType = sourcecode.swift; path = CircleImage.swift; sourceTree = "<group>"; };
		DB41D54C25AD9D900053935A /* MapView.swift */ = {isa = PBXFileReference; lastKnownFileType = sourcecode.swift; path = MapView.swift; sourceTree = "<group>"; };
		DB41D55425ADA67D0053935A /* landmarkData.json */ = {isa = PBXFileReference; fileEncoding = 4; lastKnownFileType = text.json; path = landmarkData.json; sourceTree = "<group>"; };
		DB41D55925ADA6C40053935A /* Landmark.swift */ = {isa = PBXFileReference; lastKnownFileType = sourcecode.swift; path = Landmark.swift; sourceTree = "<group>"; };
		DB41D56125ADAA1C0053935A /* ModelData.swift */ = {isa = PBXFileReference; lastKnownFileType = sourcecode.swift; path = ModelData.swift; sourceTree = "<group>"; };
		DB41D56C25ADFCA00053935A /* LandmarkRow.swift */ = {isa = PBXFileReference; lastKnownFileType = sourcecode.swift; path = LandmarkRow.swift; sourceTree = "<group>"; };
		DB41D57425AEF2750053935A /* LandmarkList.swift */ = {isa = PBXFileReference; lastKnownFileType = sourcecode.swift; path = LandmarkList.swift; sourceTree = "<group>"; };
		DB41D57C25AEF99B0053935A /* LandmarkDetail.swift */ = {isa = PBXFileReference; lastKnownFileType = sourcecode.swift; path = LandmarkDetail.swift; sourceTree = "<group>"; };
		DB96A37725B1EE8500EE0A9F /* FavoriteButton.swift */ = {isa = PBXFileReference; lastKnownFileType = sourcecode.swift; path = FavoriteButton.swift; sourceTree = "<group>"; };
		DB96A38125B26D7200EE0A9F /* HexagonParameters.swift */ = {isa = PBXFileReference; lastKnownFileType = sourcecode.swift; path = HexagonParameters.swift; sourceTree = "<group>"; };
		DB96A38625B275B000EE0A9F /* BadgeBackground.swift */ = {isa = PBXFileReference; lastKnownFileType = sourcecode.swift; path = BadgeBackground.swift; sourceTree = "<group>"; };
		DB96A38B25B282C300EE0A9F /* BadgeSymbol.swift */ = {isa = PBXFileReference; lastKnownFileType = sourcecode.swift; path = BadgeSymbol.swift; sourceTree = "<group>"; };
		DB96A39025B2BF0300EE0A9F /* RotatedBadgeSymbol.swift */ = {isa = PBXFileReference; lastKnownFileType = sourcecode.swift; path = RotatedBadgeSymbol.swift; sourceTree = "<group>"; };
		DB96A39525B2C42500EE0A9F /* Badge.swift */ = {isa = PBXFileReference; lastKnownFileType = sourcecode.swift; path = Badge.swift; sourceTree = "<group>"; };
		DB96A39B25B2E73000EE0A9F /* hikeData.json */ = {isa = PBXFileReference; fileEncoding = 4; lastKnownFileType = text.json; path = hikeData.json; sourceTree = "<group>"; };
		DB96A3A025B2E75500EE0A9F /* Hike.swift */ = {isa = PBXFileReference; lastKnownFileType = sourcecode.swift; path = Hike.swift; sourceTree = "<group>"; };
		DB96A3AE25B2E7F000EE0A9F /* GraphCapsule.swift */ = {isa = PBXFileReference; fileEncoding = 4; lastKnownFileType = sourcecode.swift; path = GraphCapsule.swift; sourceTree = "<group>"; };
		DB96A3AF25B2E7F000EE0A9F /* HikeGraph.swift */ = {isa = PBXFileReference; fileEncoding = 4; lastKnownFileType = sourcecode.swift; path = HikeGraph.swift; sourceTree = "<group>"; };
		DB96A3B025B2E7F000EE0A9F /* HikeDetail.swift */ = {isa = PBXFileReference; fileEncoding = 4; lastKnownFileType = sourcecode.swift; path = HikeDetail.swift; sourceTree = "<group>"; };
		DB96A3B125B2E7F000EE0A9F /* HikeView.swift */ = {isa = PBXFileReference; fileEncoding = 4; lastKnownFileType = sourcecode.swift; path = HikeView.swift; sourceTree = "<group>"; };
		DB96A3BD25B30BC900EE0A9F /* CategoryHome.swift */ = {isa = PBXFileReference; lastKnownFileType = sourcecode.swift; path = CategoryHome.swift; sourceTree = "<group>"; };
		DB96A3C525B30CF500EE0A9F /* CategoryRow.swift */ = {isa = PBXFileReference; lastKnownFileType = sourcecode.swift; path = CategoryRow.swift; sourceTree = "<group>"; };
		DB96A3CA25B30DD500EE0A9F /* CategoryItem.swift */ = {isa = PBXFileReference; lastKnownFileType = sourcecode.swift; path = CategoryItem.swift; sourceTree = "<group>"; };
		DB96A3CF25B3E25500EE0A9F /* Profile.swift */ = {isa = PBXFileReference; lastKnownFileType = sourcecode.swift; path = Profile.swift; sourceTree = "<group>"; };
/* End PBXFileReference section */

/* Begin PBXFrameworksBuildPhase section */
		DB41D51325AD8A700053935A /* Frameworks */ = {
			isa = PBXFrameworksBuildPhase;
			buildActionMask = 2147483647;
			files = (
			);
			runOnlyForDeploymentPostprocessing = 0;
		};
		DB41D52425AD8A770053935A /* Frameworks */ = {
			isa = PBXFrameworksBuildPhase;
			buildActionMask = 2147483647;
			files = (
			);
			runOnlyForDeploymentPostprocessing = 0;
		};
		DB41D52F25AD8A770053935A /* Frameworks */ = {
			isa = PBXFrameworksBuildPhase;
			buildActionMask = 2147483647;
			files = (
			);
			runOnlyForDeploymentPostprocessing = 0;
		};
/* End PBXFrameworksBuildPhase section */

/* Begin PBXGroup section */
		DB3A2BF225B3F3500013A1A1 /* Profiles */ = {
			isa = PBXGroup;
			children = (
				DB3A2BF325B3F3840013A1A1 /* ProfileHost.swift */,
				DB3A2BFB25B3F9F10013A1A1 /* ProfileSummary.swift */,
				DB3A2C0525B4037F0013A1A1 /* ProfileEditor.swift */,
			);
			path = Profiles;
			sourceTree = "<group>";
		};
		DB3A2C0A25B426630013A1A1 /* PageView */ = {
			isa = PBXGroup;
			children = (
				DB3A2C1325B433E30013A1A1 /* FeatureCard.swift */,
				DB3A2C0B25B426960013A1A1 /* PageViewController.swift */,
				DB3A2C1825B4360B0013A1A1 /* PageView.swift */,
				DB3A2C1D25B586B00013A1A1 /* PageControl.swift */,
			);
			path = PageView;
			sourceTree = "<group>";
		};
		DB41D50D25AD8A700053935A = {
			isa = PBXGroup;
			children = (
				DB41D51825AD8A700053935A /* Landmarks */,
				DB41D52A25AD8A770053935A /* LandmarksTests */,
				DB41D53525AD8A770053935A /* LandmarksUITests */,
				DB41D51725AD8A700053935A /* Products */,
			);
			sourceTree = "<group>";
		};
		DB41D51725AD8A700053935A /* Products */ = {
			isa = PBXGroup;
			children = (
				DB41D51625AD8A700053935A /* Landmarks.app */,
				DB41D52725AD8A770053935A /* LandmarksTests.xctest */,
				DB41D53225AD8A770053935A /* LandmarksUITests.xctest */,
			);
			name = Products;
			sourceTree = "<group>";
		};
		DB41D51825AD8A700053935A /* Landmarks */ = {
			isa = PBXGroup;
			children = (
				DB41D56925ADAA6D0053935A /* Views */,
				DB41D56A25ADAA7E0053935A /* Models */,
				DB96A3BC25B30BAB00EE0A9F /* Categories */,
				DB41D56B25ADAA960053935A /* Resources */,
				DB41D51925AD8A700053935A /* LandmarksApp.swift */,
				DB41D51D25AD8A760053935A /* Assets.xcassets */,
				DB41D52225AD8A760053935A /* Info.plist */,
				DB41D51F25AD8A760053935A /* Preview Content */,
			);
			path = Landmarks;
			sourceTree = "<group>";
		};
		DB41D51F25AD8A760053935A /* Preview Content */ = {
			isa = PBXGroup;
			children = (
				DB41D52025AD8A760053935A /* Preview Assets.xcassets */,
			);
			path = "Preview Content";
			sourceTree = "<group>";
		};
		DB41D52A25AD8A770053935A /* LandmarksTests */ = {
			isa = PBXGroup;
			children = (
				DB41D52B25AD8A770053935A /* LandmarksTests.swift */,
				DB41D52D25AD8A770053935A /* Info.plist */,
			);
			path = LandmarksTests;
			sourceTree = "<group>";
		};
		DB41D53525AD8A770053935A /* LandmarksUITests */ = {
			isa = PBXGroup;
			children = (
				DB41D53625AD8A770053935A /* LandmarksUITests.swift */,
				DB41D53825AD8A770053935A /* Info.plist */,
			);
			path = LandmarksUITests;
			sourceTree = "<group>";
		};
		DB41D56925ADAA6D0053935A /* Views */ = {
			isa = PBXGroup;
			children = (
				DB41D51B25AD8A700053935A /* ContentView.swift */,
				DB96A37C25B1EEE200EE0A9F /* Landmarks */,
				DB96A3AD25B2E7F000EE0A9F /* Hikes */,
				DB96A39A25B2C51800EE0A9F /* Badges */,
				DB96A37D25B1EEF000EE0A9F /* Helpers */,
				DB3A2BF225B3F3500013A1A1 /* Profiles */,
				DB3A2C0A25B426630013A1A1 /* PageView */,
			);
			path = Views;
			sourceTree = "<group>";
		};
		DB41D56A25ADAA7E0053935A /* Models */ = {
			isa = PBXGroup;
			children = (
				DB41D56125ADAA1C0053935A /* ModelData.swift */,
				DB41D55925ADA6C40053935A /* Landmark.swift */,
				DB96A3A025B2E75500EE0A9F /* Hike.swift */,
				DB96A3CF25B3E25500EE0A9F /* Profile.swift */,
			);
			path = Models;
			sourceTree = "<group>";
		};
		DB41D56B25ADAA960053935A /* Resources */ = {
			isa = PBXGroup;
			children = (
				DB41D55425ADA67D0053935A /* landmarkData.json */,
				DB96A39B25B2E73000EE0A9F /* hikeData.json */,
			);
			path = Resources;
			sourceTree = "<group>";
		};
		DB96A37C25B1EEE200EE0A9F /* Landmarks */ = {
			isa = PBXGroup;
			children = (
				DB41D57425AEF2750053935A /* LandmarkList.swift */,
				DB41D56C25ADFCA00053935A /* LandmarkRow.swift */,
				DB41D57C25AEF99B0053935A /* LandmarkDetail.swift */,
			);
			path = Landmarks;
			sourceTree = "<group>";
		};
		DB96A37D25B1EEF000EE0A9F /* Helpers */ = {
			isa = PBXGroup;
			children = (
				DB41D54725AD9B1C0053935A /* CircleImage.swift */,
				DB41D54C25AD9D900053935A /* MapView.swift */,
				DB96A37725B1EE8500EE0A9F /* FavoriteButton.swift */,
			);
			path = Helpers;
			sourceTree = "<group>";
		};
		DB96A39A25B2C51800EE0A9F /* Badges */ = {
			isa = PBXGroup;
			children = (
				DB96A39525B2C42500EE0A9F /* Badge.swift */,
				DB96A38625B275B000EE0A9F /* BadgeBackground.swift */,
				DB96A38B25B282C300EE0A9F /* BadgeSymbol.swift */,
				DB96A39025B2BF0300EE0A9F /* RotatedBadgeSymbol.swift */,
				DB96A38125B26D7200EE0A9F /* HexagonParameters.swift */,
			);
			path = Badges;
			sourceTree = "<group>";
		};
		DB96A3AD25B2E7F000EE0A9F /* Hikes */ = {
			isa = PBXGroup;
			children = (
				DB96A3AE25B2E7F000EE0A9F /* GraphCapsule.swift */,
				DB96A3AF25B2E7F000EE0A9F /* HikeGraph.swift */,
				DB96A3B025B2E7F000EE0A9F /* HikeDetail.swift */,
				DB96A3B125B2E7F000EE0A9F /* HikeView.swift */,
				DB3A2C0025B3FAD20013A1A1 /* HikeBadge.swift */,
			);
			path = Hikes;
			sourceTree = "<group>";
		};
		DB96A3BC25B30BAB00EE0A9F /* Categories */ = {
			isa = PBXGroup;
			children = (
				DB96A3BD25B30BC900EE0A9F /* CategoryHome.swift */,
				DB96A3C525B30CF500EE0A9F /* CategoryRow.swift */,
				DB96A3CA25B30DD500EE0A9F /* CategoryItem.swift */,
			);
			path = Categories;
			sourceTree = "<group>";
		};
/* End PBXGroup section */

/* Begin PBXNativeTarget section */
		DB41D51525AD8A700053935A /* Landmarks */ = {
			isa = PBXNativeTarget;
			buildConfigurationList = DB41D53B25AD8A770053935A /* Build configuration list for PBXNativeTarget "Landmarks" */;
			buildPhases = (
				DB41D51225AD8A700053935A /* Sources */,
				DB41D51325AD8A700053935A /* Frameworks */,
				DB41D51425AD8A700053935A /* Resources */,
			);
			buildRules = (
			);
			dependencies = (
			);
			name = Landmarks;
			productName = SwiftUITutorial;
			productReference = DB41D51625AD8A700053935A /* Landmarks.app */;
			productType = "com.apple.product-type.application";
		};
		DB41D52625AD8A770053935A /* LandmarksTests */ = {
			isa = PBXNativeTarget;
			buildConfigurationList = DB41D53E25AD8A770053935A /* Build configuration list for PBXNativeTarget "LandmarksTests" */;
			buildPhases = (
				DB41D52325AD8A770053935A /* Sources */,
				DB41D52425AD8A770053935A /* Frameworks */,
				DB41D52525AD8A770053935A /* Resources */,
			);
			buildRules = (
			);
			dependencies = (
				DB41D52925AD8A770053935A /* PBXTargetDependency */,
			);
			name = LandmarksTests;
			productName = SwiftUITutorialTests;
			productReference = DB41D52725AD8A770053935A /* LandmarksTests.xctest */;
			productType = "com.apple.product-type.bundle.unit-test";
		};
		DB41D53125AD8A770053935A /* LandmarksUITests */ = {
			isa = PBXNativeTarget;
			buildConfigurationList = DB41D54125AD8A770053935A /* Build configuration list for PBXNativeTarget "LandmarksUITests" */;
			buildPhases = (
				DB41D52E25AD8A770053935A /* Sources */,
				DB41D52F25AD8A770053935A /* Frameworks */,
				DB41D53025AD8A770053935A /* Resources */,
			);
			buildRules = (
			);
			dependencies = (
				DB41D53425AD8A770053935A /* PBXTargetDependency */,
			);
			name = LandmarksUITests;
			productName = SwiftUITutorialUITests;
			productReference = DB41D53225AD8A770053935A /* LandmarksUITests.xctest */;
			productType = "com.apple.product-type.bundle.ui-testing";
		};
/* End PBXNativeTarget section */

/* Begin PBXProject section */
		DB41D50E25AD8A700053935A /* Project object */ = {
			isa = PBXProject;
			attributes = {
				LastSwiftUpdateCheck = 1230;
				LastUpgradeCheck = 1230;
				TargetAttributes = {
					DB41D51525AD8A700053935A = {
						CreatedOnToolsVersion = 12.3;
					};
					DB41D52625AD8A770053935A = {
						CreatedOnToolsVersion = 12.3;
						TestTargetID = DB41D51525AD8A700053935A;
					};
					DB41D53125AD8A770053935A = {
						CreatedOnToolsVersion = 12.3;
						TestTargetID = DB41D51525AD8A700053935A;
					};
				};
			};
			buildConfigurationList = DB41D51125AD8A700053935A /* Build configuration list for PBXProject "Landmarks" */;
			compatibilityVersion = "Xcode 9.3";
			developmentRegion = en;
			hasScannedForEncodings = 0;
			knownRegions = (
				en,
				Base,
			);
			mainGroup = DB41D50D25AD8A700053935A;
			productRefGroup = DB41D51725AD8A700053935A /* Products */;
			projectDirPath = "";
			projectRoot = "";
			targets = (
				DB41D51525AD8A700053935A /* Landmarks */,
				DB41D52625AD8A770053935A /* LandmarksTests */,
				DB41D53125AD8A770053935A /* LandmarksUITests */,
			);
		};
/* End PBXProject section */

/* Begin PBXResourcesBuildPhase section */
		DB41D51425AD8A700053935A /* Resources */ = {
			isa = PBXResourcesBuildPhase;
			buildActionMask = 2147483647;
			files = (
				DB96A39C25B2E73100EE0A9F /* hikeData.json in Resources */,
				DB41D52125AD8A760053935A /* Preview Assets.xcassets in Resources */,
				DB41D51E25AD8A760053935A /* Assets.xcassets in Resources */,
				DB41D55525ADA67D0053935A /* landmarkData.json in Resources */,
			);
			runOnlyForDeploymentPostprocessing = 0;
		};
		DB41D52525AD8A770053935A /* Resources */ = {
			isa = PBXResourcesBuildPhase;
			buildActionMask = 2147483647;
			files = (
			);
			runOnlyForDeploymentPostprocessing = 0;
		};
		DB41D53025AD8A770053935A /* Resources */ = {
			isa = PBXResourcesBuildPhase;
			buildActionMask = 2147483647;
			files = (
			);
			runOnlyForDeploymentPostprocessing = 0;
		};
/* End PBXResourcesBuildPhase section */

/* Begin PBXSourcesBuildPhase section */
		DB41D51225AD8A700053935A /* Sources */ = {
			isa = PBXSourcesBuildPhase;
			buildActionMask = 2147483647;
			files = (
				DB96A3C625B30CF500EE0A9F /* CategoryRow.swift in Sources */,
				DB96A3D025B3E25500EE0A9F /* Profile.swift in Sources */,
				DB41D51C25AD8A700053935A /* ContentView.swift in Sources */,
				DB96A3BE25B30BC900EE0A9F /* CategoryHome.swift in Sources */,
				DB3A2C1425B433E30013A1A1 /* FeatureCard.swift in Sources */,
				DB96A3B325B2E7F000EE0A9F /* HikeGraph.swift in Sources */,
				DB96A39625B2C42500EE0A9F /* Badge.swift in Sources */,
				DB41D54D25AD9D900053935A /* MapView.swift in Sources */,
				DB96A3B225B2E7F000EE0A9F /* GraphCapsule.swift in Sources */,
				DB41D51A25AD8A700053935A /* LandmarksApp.swift in Sources */,
				DB3A2C1E25B586B00013A1A1 /* PageControl.swift in Sources */,
				DB96A37825B1EE8500EE0A9F /* FavoriteButton.swift in Sources */,
				DB96A3CB25B30DD500EE0A9F /* CategoryItem.swift in Sources */,
				DB96A3B425B2E7F000EE0A9F /* HikeDetail.swift in Sources */,
				DB3A2BFC25B3F9F20013A1A1 /* ProfileSummary.swift in Sources */,
				DB96A38225B26D7200EE0A9F /* HexagonParameters.swift in Sources */,
				DB3A2BF425B3F3840013A1A1 /* ProfileHost.swift in Sources */,
				DB96A3A125B2E75500EE0A9F /* Hike.swift in Sources */,
				DB96A39125B2BF0300EE0A9F /* RotatedBadgeSymbol.swift in Sources */,
				DB3A2C1925B4360B0013A1A1 /* PageView.swift in Sources */,
				DB96A38C25B282C300EE0A9F /* BadgeSymbol.swift in Sources */,
				DB3A2C0625B4037F0013A1A1 /* ProfileEditor.swift in Sources */,
				DB41D57525AEF2750053935A /* LandmarkList.swift in Sources */,
				DB96A3B525B2E7F000EE0A9F /* HikeView.swift in Sources */,
				DB41D57D25AEF99B0053935A /* LandmarkDetail.swift in Sources */,
				DB3A2C0C25B426960013A1A1 /* PageViewController.swift in Sources */,
				DB96A38725B275B000EE0A9F /* BadgeBackground.swift in Sources */,
				DB3A2C0125B3FAD20013A1A1 /* HikeBadge.swift in Sources */,
				DB41D54825AD9B1C0053935A /* CircleImage.swift in Sources */,
				DB41D55A25ADA6C40053935A /* Landmark.swift in Sources */,
				DB41D56D25ADFCA00053935A /* LandmarkRow.swift in Sources */,
				DB41D56225ADAA1C0053935A /* ModelData.swift in Sources */,
			);
			runOnlyForDeploymentPostprocessing = 0;
		};
		DB41D52325AD8A770053935A /* Sources */ = {
			isa = PBXSourcesBuildPhase;
			buildActionMask = 2147483647;
			files = (
				DB41D52C25AD8A770053935A /* LandmarksTests.swift in Sources */,
			);
			runOnlyForDeploymentPostprocessing = 0;
		};
		DB41D52E25AD8A770053935A /* Sources */ = {
			isa = PBXSourcesBuildPhase;
			buildActionMask = 2147483647;
			files = (
				DB41D53725AD8A770053935A /* LandmarksUITests.swift in Sources */,
			);
			runOnlyForDeploymentPostprocessing = 0;
		};
/* End PBXSourcesBuildPhase section */

/* Begin PBXTargetDependency section */
		DB41D52925AD8A770053935A /* PBXTargetDependency */ = {
			isa = PBXTargetDependency;
			target = DB41D51525AD8A700053935A /* Landmarks */;
			targetProxy = DB41D52825AD8A770053935A /* PBXContainerItemProxy */;
		};
		DB41D53425AD8A770053935A /* PBXTargetDependency */ = {
			isa = PBXTargetDependency;
			target = DB41D51525AD8A700053935A /* Landmarks */;
			targetProxy = DB41D53325AD8A770053935A /* PBXContainerItemProxy */;
		};
/* End PBXTargetDependency section */

/* Begin XCBuildConfiguration section */
		DB41D53925AD8A770053935A /* Debug */ = {
			isa = XCBuildConfiguration;
			buildSettings = {
				ALWAYS_SEARCH_USER_PATHS = NO;
				CLANG_ANALYZER_NONNULL = YES;
				CLANG_ANALYZER_NUMBER_OBJECT_CONVERSION = YES_AGGRESSIVE;
				CLANG_CXX_LANGUAGE_STANDARD = "gnu++14";
				CLANG_CXX_LIBRARY = "libc++";
				CLANG_ENABLE_MODULES = YES;
				CLANG_ENABLE_OBJC_ARC = YES;
				CLANG_ENABLE_OBJC_WEAK = YES;
				CLANG_WARN_BLOCK_CAPTURE_AUTORELEASING = YES;
				CLANG_WARN_BOOL_CONVERSION = YES;
				CLANG_WARN_COMMA = YES;
				CLANG_WARN_CONSTANT_CONVERSION = YES;
				CLANG_WARN_DEPRECATED_OBJC_IMPLEMENTATIONS = YES;
				CLANG_WARN_DIRECT_OBJC_ISA_USAGE = YES_ERROR;
				CLANG_WARN_DOCUMENTATION_COMMENTS = YES;
				CLANG_WARN_EMPTY_BODY = YES;
				CLANG_WARN_ENUM_CONVERSION = YES;
				CLANG_WARN_INFINITE_RECURSION = YES;
				CLANG_WARN_INT_CONVERSION = YES;
				CLANG_WARN_NON_LITERAL_NULL_CONVERSION = YES;
				CLANG_WARN_OBJC_IMPLICIT_RETAIN_SELF = YES;
				CLANG_WARN_OBJC_LITERAL_CONVERSION = YES;
				CLANG_WARN_OBJC_ROOT_CLASS = YES_ERROR;
				CLANG_WARN_QUOTED_INCLUDE_IN_FRAMEWORK_HEADER = YES;
				CLANG_WARN_RANGE_LOOP_ANALYSIS = YES;
				CLANG_WARN_STRICT_PROTOTYPES = YES;
				CLANG_WARN_SUSPICIOUS_MOVE = YES;
				CLANG_WARN_UNGUARDED_AVAILABILITY = YES_AGGRESSIVE;
				CLANG_WARN_UNREACHABLE_CODE = YES;
				CLANG_WARN__DUPLICATE_METHOD_MATCH = YES;
				COPY_PHASE_STRIP = NO;
				DEBUG_INFORMATION_FORMAT = dwarf;
				ENABLE_STRICT_OBJC_MSGSEND = YES;
				ENABLE_TESTABILITY = YES;
				GCC_C_LANGUAGE_STANDARD = gnu11;
				GCC_DYNAMIC_NO_PIC = NO;
				GCC_NO_COMMON_BLOCKS = YES;
				GCC_OPTIMIZATION_LEVEL = 0;
				GCC_PREPROCESSOR_DEFINITIONS = (
					"DEBUG=1",
					"$(inherited)",
				);
				GCC_WARN_64_TO_32_BIT_CONVERSION = YES;
				GCC_WARN_ABOUT_RETURN_TYPE = YES_ERROR;
				GCC_WARN_UNDECLARED_SELECTOR = YES;
				GCC_WARN_UNINITIALIZED_AUTOS = YES_AGGRESSIVE;
				GCC_WARN_UNUSED_FUNCTION = YES;
				GCC_WARN_UNUSED_VARIABLE = YES;
				IPHONEOS_DEPLOYMENT_TARGET = 14.3;
				MTL_ENABLE_DEBUG_INFO = INCLUDE_SOURCE;
				MTL_FAST_MATH = YES;
				ONLY_ACTIVE_ARCH = YES;
				SDKROOT = iphoneos;
				SWIFT_ACTIVE_COMPILATION_CONDITIONS = DEBUG;
				SWIFT_OPTIMIZATION_LEVEL = "-Onone";
			};
			name = Debug;
		};
		DB41D53A25AD8A770053935A /* Release */ = {
			isa = XCBuildConfiguration;
			buildSettings = {
				ALWAYS_SEARCH_USER_PATHS = NO;
				CLANG_ANALYZER_NONNULL = YES;
				CLANG_ANALYZER_NUMBER_OBJECT_CONVERSION = YES_AGGRESSIVE;
				CLANG_CXX_LANGUAGE_STANDARD = "gnu++14";
				CLANG_CXX_LIBRARY = "libc++";
				CLANG_ENABLE_MODULES = YES;
				CLANG_ENABLE_OBJC_ARC = YES;
				CLANG_ENABLE_OBJC_WEAK = YES;
				CLANG_WARN_BLOCK_CAPTURE_AUTORELEASING = YES;
				CLANG_WARN_BOOL_CONVERSION = YES;
				CLANG_WARN_COMMA = YES;
				CLANG_WARN_CONSTANT_CONVERSION = YES;
				CLANG_WARN_DEPRECATED_OBJC_IMPLEMENTATIONS = YES;
				CLANG_WARN_DIRECT_OBJC_ISA_USAGE = YES_ERROR;
				CLANG_WARN_DOCUMENTATION_COMMENTS = YES;
				CLANG_WARN_EMPTY_BODY = YES;
				CLANG_WARN_ENUM_CONVERSION = YES;
				CLANG_WARN_INFINITE_RECURSION = YES;
				CLANG_WARN_INT_CONVERSION = YES;
				CLANG_WARN_NON_LITERAL_NULL_CONVERSION = YES;
				CLANG_WARN_OBJC_IMPLICIT_RETAIN_SELF = YES;
				CLANG_WARN_OBJC_LITERAL_CONVERSION = YES;
				CLANG_WARN_OBJC_ROOT_CLASS = YES_ERROR;
				CLANG_WARN_QUOTED_INCLUDE_IN_FRAMEWORK_HEADER = YES;
				CLANG_WARN_RANGE_LOOP_ANALYSIS = YES;
				CLANG_WARN_STRICT_PROTOTYPES = YES;
				CLANG_WARN_SUSPICIOUS_MOVE = YES;
				CLANG_WARN_UNGUARDED_AVAILABILITY = YES_AGGRESSIVE;
				CLANG_WARN_UNREACHABLE_CODE = YES;
				CLANG_WARN__DUPLICATE_METHOD_MATCH = YES;
				COPY_PHASE_STRIP = NO;
				DEBUG_INFORMATION_FORMAT = "dwarf-with-dsym";
				ENABLE_NS_ASSERTIONS = NO;
				ENABLE_STRICT_OBJC_MSGSEND = YES;
				GCC_C_LANGUAGE_STANDARD = gnu11;
				GCC_NO_COMMON_BLOCKS = YES;
				GCC_WARN_64_TO_32_BIT_CONVERSION = YES;
				GCC_WARN_ABOUT_RETURN_TYPE = YES_ERROR;
				GCC_WARN_UNDECLARED_SELECTOR = YES;
				GCC_WARN_UNINITIALIZED_AUTOS = YES_AGGRESSIVE;
				GCC_WARN_UNUSED_FUNCTION = YES;
				GCC_WARN_UNUSED_VARIABLE = YES;
				IPHONEOS_DEPLOYMENT_TARGET = 14.3;
				MTL_ENABLE_DEBUG_INFO = NO;
				MTL_FAST_MATH = YES;
				SDKROOT = iphoneos;
				SWIFT_COMPILATION_MODE = wholemodule;
				SWIFT_OPTIMIZATION_LEVEL = "-O";
				VALIDATE_PRODUCT = YES;
			};
			name = Release;
		};
		DB41D53C25AD8A770053935A /* Debug */ = {
			isa = XCBuildConfiguration;
			buildSettings = {
				ASSETCATALOG_COMPILER_APPICON_NAME = AppIcon;
				ASSETCATALOG_COMPILER_GLOBAL_ACCENT_COLOR_NAME = AccentColor;
				CODE_SIGN_STYLE = Automatic;
				DEVELOPMENT_ASSET_PATHS = "\"Landmarks/Preview Content\"";
				DEVELOPMENT_TEAM = HXG58L953A;
				ENABLE_PREVIEWS = YES;
				INFOPLIST_FILE = "$(SRCROOT)/Landmarks/Info.plist";
				IPHONEOS_DEPLOYMENT_TARGET = 14.0;
				LD_RUNPATH_SEARCH_PATHS = (
					"$(inherited)",
					"@executable_path/Frameworks",
				);
				PRODUCT_BUNDLE_IDENTIFIER = oYuu.Project.Landmarks;
				PRODUCT_NAME = "$(TARGET_NAME)";
				SWIFT_VERSION = 5.0;
				TARGETED_DEVICE_FAMILY = "1,2";
			};
			name = Debug;
		};
		DB41D53D25AD8A770053935A /* Release */ = {
			isa = XCBuildConfiguration;
			buildSettings = {
				ASSETCATALOG_COMPILER_APPICON_NAME = AppIcon;
				ASSETCATALOG_COMPILER_GLOBAL_ACCENT_COLOR_NAME = AccentColor;
				CODE_SIGN_STYLE = Automatic;
				DEVELOPMENT_ASSET_PATHS = "\"Landmarks/Preview Content\"";
				DEVELOPMENT_TEAM = HXG58L953A;
				ENABLE_PREVIEWS = YES;
				INFOPLIST_FILE = "$(SRCROOT)/Landmarks/Info.plist";
				IPHONEOS_DEPLOYMENT_TARGET = 14.0;
				LD_RUNPATH_SEARCH_PATHS = (
					"$(inherited)",
					"@executable_path/Frameworks",
				);
				PRODUCT_BUNDLE_IDENTIFIER = oYuu.Project.Landmarks;
				PRODUCT_NAME = "$(TARGET_NAME)";
				SWIFT_VERSION = 5.0;
				TARGETED_DEVICE_FAMILY = "1,2";
			};
			name = Release;
		};
		DB41D53F25AD8A770053935A /* Debug */ = {
			isa = XCBuildConfiguration;
			buildSettings = {
				ALWAYS_EMBED_SWIFT_STANDARD_LIBRARIES = YES;
				BUNDLE_LOADER = "$(TEST_HOST)";
				CODE_SIGN_STYLE = Automatic;
				DEVELOPMENT_TEAM = HXG58L953A;
				INFOPLIST_FILE = LandmarksTests/Info.plist;
				IPHONEOS_DEPLOYMENT_TARGET = 14.0;
				LD_RUNPATH_SEARCH_PATHS = (
					"$(inherited)",
					"@executable_path/Frameworks",
					"@loader_path/Frameworks",
				);
				PRODUCT_BUNDLE_IDENTIFIER = oYuu.Project.LandmarksTests;
				PRODUCT_NAME = "$(TARGET_NAME)";
				SWIFT_VERSION = 5.0;
				TARGETED_DEVICE_FAMILY = "1,2";
				TEST_HOST = "$(BUILT_PRODUCTS_DIR)/Landmarks.app/Landmarks";
			};
			name = Debug;
		};
		DB41D54025AD8A770053935A /* Release */ = {
			isa = XCBuildConfiguration;
			buildSettings = {
				ALWAYS_EMBED_SWIFT_STANDARD_LIBRARIES = YES;
				BUNDLE_LOADER = "$(TEST_HOST)";
				CODE_SIGN_STYLE = Automatic;
				DEVELOPMENT_TEAM = HXG58L953A;
				INFOPLIST_FILE = LandmarksTests/Info.plist;
				IPHONEOS_DEPLOYMENT_TARGET = 14.0;
				LD_RUNPATH_SEARCH_PATHS = (
					"$(inherited)",
					"@executable_path/Frameworks",
					"@loader_path/Frameworks",
				);
				PRODUCT_BUNDLE_IDENTIFIER = oYuu.Project.LandmarksTests;
				PRODUCT_NAME = "$(TARGET_NAME)";
				SWIFT_VERSION = 5.0;
				TARGETED_DEVICE_FAMILY = "1,2";
				TEST_HOST = "$(BUILT_PRODUCTS_DIR)/Landmarks.app/Landmarks";
			};
			name = Release;
		};
		DB41D54225AD8A770053935A /* Debug */ = {
			isa = XCBuildConfiguration;
			buildSettings = {
				ALWAYS_EMBED_SWIFT_STANDARD_LIBRARIES = YES;
				CODE_SIGN_STYLE = Automatic;
				DEVELOPMENT_TEAM = HXG58L953A;
				INFOPLIST_FILE = LandmarksUITests/Info.plist;
				LD_RUNPATH_SEARCH_PATHS = (
					"$(inherited)",
					"@executable_path/Frameworks",
					"@loader_path/Frameworks",
				);
				PRODUCT_BUNDLE_IDENTIFIER = oYuu.Project.LandmarksUITests;
				PRODUCT_NAME = "$(TARGET_NAME)";
				SWIFT_VERSION = 5.0;
				TARGETED_DEVICE_FAMILY = "1,2";
				TEST_TARGET_NAME = Landmarks;
			};
			name = Debug;
		};
		DB41D54325AD8A770053935A /* Release */ = {
			isa = XCBuildConfiguration;
			buildSettings = {
				ALWAYS_EMBED_SWIFT_STANDARD_LIBRARIES = YES;
				CODE_SIGN_STYLE = Automatic;
				DEVELOPMENT_TEAM = HXG58L953A;
				INFOPLIST_FILE = LandmarksUITests/Info.plist;
				LD_RUNPATH_SEARCH_PATHS = (
					"$(inherited)",
					"@executable_path/Frameworks",
					"@loader_path/Frameworks",
				);
				PRODUCT_BUNDLE_IDENTIFIER = oYuu.Project.LandmarksUITests;
				PRODUCT_NAME = "$(TARGET_NAME)";
				SWIFT_VERSION = 5.0;
				TARGETED_DEVICE_FAMILY = "1,2";
				TEST_TARGET_NAME = Landmarks;
			};
			name = Release;
		};
/* End XCBuildConfiguration section */

/* Begin XCConfigurationList section */
		DB41D51125AD8A700053935A /* Build configuration list for PBXProject "Landmarks" */ = {
			isa = XCConfigurationList;
			buildConfigurations = (
				DB41D53925AD8A770053935A /* Debug */,
				DB41D53A25AD8A770053935A /* Release */,
			);
			defaultConfigurationIsVisible = 0;
			defaultConfigurationName = Release;
		};
		DB41D53B25AD8A770053935A /* Build configuration list for PBXNativeTarget "Landmarks" */ = {
			isa = XCConfigurationList;
			buildConfigurations = (
				DB41D53C25AD8A770053935A /* Debug */,
				DB41D53D25AD8A770053935A /* Release */,
			);
			defaultConfigurationIsVisible = 0;
			defaultConfigurationName = Release;
		};
		DB41D53E25AD8A770053935A /* Build configuration list for PBXNativeTarget "LandmarksTests" */ = {
			isa = XCConfigurationList;
			buildConfigurations = (
				DB41D53F25AD8A770053935A /* Debug */,
				DB41D54025AD8A770053935A /* Release */,
			);
			defaultConfigurationIsVisible = 0;
			defaultConfigurationName = Release;
		};
		DB41D54125AD8A770053935A /* Build configuration list for PBXNativeTarget "LandmarksUITests" */ = {
			isa = XCConfigurationList;
			buildConfigurations = (
				DB41D54225AD8A770053935A /* Debug */,
				DB41D54325AD8A770053935A /* Release */,
			);
			defaultConfigurationIsVisible = 0;
			defaultConfigurationName = Release;
		};
/* End XCConfigurationList section */
	};
	rootObject = DB41D50E25AD8A700053935A /* Project object */;
}
